
Microsoft Visual Studio Solution File, Format Version 12.00
# Visual Studio Version 16
VisualStudioVersion = 16.0.36128.20
MinimumVisualStudioVersion = 10.0.40219.1
Project("{FAE04EC0-301F-11D3-BF4B-00C04F79EFBC}") = "Electricity_Billing_Project", "Electricity_Billing_Project.csproj", "{EB00FD05-C69C-425D-A506-3760B20D7969}"
EndProject
Global
	GlobalSection(SolutionConfigurationPlatforms) = preSolution
		Debug|Any CPU = Debug|Any CPU
		Release|Any CPU = Release|Any CPU
	EndGlobalSection
	GlobalSection(ProjectConfigurationPlatforms) = postSolution
		{EB00FD05-C69C-425D-A506-3760B20D7969}.Debug|Any CPU.ActiveCfg = Debug|Any CPU
		{EB00FD05-C69C-425D-A506-3760B20D7969}.Debug|Any CPU.Build.0 = Debug|Any CPU
		{EB00FD05-C69C-425D-A506-3760B20D7969}.Release|Any CPU.ActiveCfg = Release|Any CPU
		{EB00FD05-C69C-425D-A506-3760B20D7969}.Release|Any CPU.Build.0 = Release|Any CPU
	EndGlobalSection
	GlobalSection(SolutionProperties) = preSolution
		HideSolutionNode = FALSE
	EndGlobalSection
	GlobalSection(ExtensibilityGlobals) = postSolution
		SolutionGuid = {68D64C00-1AC0-4189-9F6C-613C11E042C5}
	EndGlobalSection
EndGlobal
