
Microsoft Visual Studio Solution File, Format Version 12.00
# Visual Studio Version 16
VisualStudioVersion = 16.0.36128.20
MinimumVisualStudioVersion = 10.0.40219.1
Project("{FAE04EC0-301F-11D3-BF4B-00C04F79EFBC}") = "Question1", "Question1.csproj", "{5AA39C30-CC73-490A-820E-E25E4B09423E}"
EndProject
Global
	GlobalSection(SolutionConfigurationPlatforms) = preSolution
		Debug|Any CPU = Debug|Any CPU
		Release|Any CPU = Release|Any CPU
	EndGlobalSection
	GlobalSection(ProjectConfigurationPlatforms) = postSolution
		{5AA39C30-CC73-490A-820E-E25E4B09423E}.Debug|Any CPU.ActiveCfg = Debug|Any CPU
		{5AA39C30-CC73-490A-820E-E25E4B09423E}.Debug|Any CPU.Build.0 = Debug|Any CPU
		{5AA39C30-CC73-490A-820E-E25E4B09423E}.Release|Any CPU.ActiveCfg = Release|Any CPU
		{5AA39C30-CC73-490A-820E-E25E4B09423E}.Release|Any CPU.Build.0 = Release|Any CPU
	EndGlobalSection
	GlobalSection(SolutionProperties) = preSolution
		HideSolutionNode = FALSE
	EndGlobalSection
	GlobalSection(ExtensibilityGlobals) = postSolution
		SolutionGuid = {C9984211-8188-45A8-81F5-CB6366A87DDF}
	EndGlobalSection
EndGlobal
