
Microsoft Visual Studio Solution File, Format Version 12.00
# Visual Studio Version 16
VisualStudioVersion = 16.0.36128.20
MinimumVisualStudioVersion = 10.0.40219.1
Project("{FAE04EC0-301F-11D3-BF4B-00C04F79EFBC}") = "Question2", "Question2.csproj", "{B22FD299-4839-4874-96E1-202C328EAD15}"
EndProject
Global
	GlobalSection(SolutionConfigurationPlatforms) = preSolution
		Debug|Any CPU = Debug|Any CPU
		Release|Any CPU = Release|Any CPU
	EndGlobalSection
	GlobalSection(ProjectConfigurationPlatforms) = postSolution
		{B22FD299-4839-4874-96E1-202C328EAD15}.Debug|Any CPU.ActiveCfg = Debug|Any CPU
		{B22FD299-4839-4874-96E1-202C328EAD15}.Debug|Any CPU.Build.0 = Debug|Any CPU
		{B22FD299-4839-4874-96E1-202C328EAD15}.Release|Any CPU.ActiveCfg = Release|Any CPU
		{B22FD299-4839-4874-96E1-202C328EAD15}.Release|Any CPU.Build.0 = Release|Any CPU
	EndGlobalSection
	GlobalSection(SolutionProperties) = preSolution
		HideSolutionNode = FALSE
	EndGlobalSection
	GlobalSection(ExtensibilityGlobals) = postSolution
		SolutionGuid = {AA62A7E5-79FF-404D-B15E-4C8C6551D6F1}
	EndGlobalSection
EndGlobal
