
Microsoft Visual Studio Solution File, Format Version 12.00
# Visual Studio Version 16
VisualStudioVersion = 16.0.36128.20
MinimumVisualStudioVersion = 10.0.40219.1
Project("{FAE04EC0-301F-11D3-BF4B-00C04F79EFBC}") = "assignment7", "assignment7.csproj", "{3D672CAB-9945-44E8-B340-538C108235C7}"
EndProject
Project("{FAE04EC0-301F-11D3-BF4B-00C04F79EFBC}") = "ConcessionLibrary", "CalculateConcession\ConcessionLibrary.csproj", "{C6077CDA-A653-40D5-ABE8-96AD03A0BB5C}"
EndProject
Global
	GlobalSection(SolutionConfigurationPlatforms) = preSolution
		Debug|Any CPU = Debug|Any CPU
		Release|Any CPU = Release|Any CPU
	EndGlobalSection
	GlobalSection(ProjectConfigurationPlatforms) = postSolution
		{3D672CAB-9945-44E8-B340-538C108235C7}.Debug|Any CPU.ActiveCfg = Debug|Any CPU
		{3D672CAB-9945-44E8-B340-538C108235C7}.Debug|Any CPU.Build.0 = Debug|Any CPU
		{3D672CAB-9945-44E8-B340-538C108235C7}.Release|Any CPU.ActiveCfg = Release|Any CPU
		{3D672CAB-9945-44E8-B340-538C108235C7}.Release|Any CPU.Build.0 = Release|Any CPU
		{C6077CDA-A653-40D5-ABE8-96AD03A0BB5C}.Debug|Any CPU.ActiveCfg = Debug|Any CPU
		{C6077CDA-A653-40D5-ABE8-96AD03A0BB5C}.Debug|Any CPU.Build.0 = Debug|Any CPU
		{C6077CDA-A653-40D5-ABE8-96AD03A0BB5C}.Release|Any CPU.ActiveCfg = Release|Any CPU
		{C6077CDA-A653-40D5-ABE8-96AD03A0BB5C}.Release|Any CPU.Build.0 = Release|Any CPU
	EndGlobalSection
	GlobalSection(SolutionProperties) = preSolution
		HideSolutionNode = FALSE
	EndGlobalSection
	GlobalSection(ExtensibilityGlobals) = postSolution
		SolutionGuid = {F765B692-555A-4116-8034-E4BD0DADB843}
	EndGlobalSection
EndGlobal
