
Microsoft Visual Studio Solution File, Format Version 12.00
# Visual Studio Version 16
VisualStudioVersion = 16.0.36128.20
MinimumVisualStudioVersion = 10.0.40219.1
Project("{FAE04EC0-301F-11D3-BF4B-00C04F79EFBC}") = "Assignment1", "Assignment1.csproj", "{05577D77-38E0-4AE7-A1D8-80AD65102F03}"
EndProject
Global
	GlobalSection(SolutionConfigurationPlatforms) = preSolution
		Debug|Any CPU = Debug|Any CPU
		Release|Any CPU = Release|Any CPU
	EndGlobalSection
	GlobalSection(ProjectConfigurationPlatforms) = postSolution
		{05577D77-38E0-4AE7-A1D8-80AD65102F03}.Debug|Any CPU.ActiveCfg = Debug|Any CPU
		{05577D77-38E0-4AE7-A1D8-80AD65102F03}.Debug|Any CPU.Build.0 = Debug|Any CPU
		{05577D77-38E0-4AE7-A1D8-80AD65102F03}.Release|Any CPU.ActiveCfg = Release|Any CPU
		{05577D77-38E0-4AE7-A1D8-80AD65102F03}.Release|Any CPU.Build.0 = Release|Any CPU
	EndGlobalSection
	GlobalSection(SolutionProperties) = preSolution
		HideSolutionNode = FALSE
	EndGlobalSection
	GlobalSection(ExtensibilityGlobals) = postSolution
		SolutionGuid = {F0F82C26-0A98-4EA0-B092-EBC9032CB7BD}
	EndGlobalSection
EndGlobal
